
Microsoft Visual Studio Solution File, Format Version 12.00
# Visual Studio Version 17
VisualStudioVersion = 17.11.35312.102
MinimumVisualStudioVersion = 10.0.40219.1
Project("{9A19103F-16F7-4668-BE54-9A1E7A4F7556}") = "CarTableUI", "CarTableUI\CarTableUI.csproj", "{A66A7F48-576D-4A7C-9EE6-A5F80540A736}"
EndProject
Project("{9A19103F-16F7-4668-BE54-9A1E7A4F7556}") = "CarsToXml", "CarsToXml\CarsToXml\CarsToXml.csproj", "{02B5A5E5-CAFF-498E-9EA0-8DA6825482DD}"
EndProject
Global
	GlobalSection(SolutionConfigurationPlatforms) = preSolution
		Debug|Any CPU = Debug|Any CPU
		Release|Any CPU = Release|Any CPU
	EndGlobalSection
	GlobalSection(ProjectConfigurationPlatforms) = postSolution
		{A66A7F48-576D-4A7C-9EE6-A5F80540A736}.Debug|Any CPU.ActiveCfg = Debug|Any CPU
		{A66A7F48-576D-4A7C-9EE6-A5F80540A736}.Debug|Any CPU.Build.0 = Debug|Any CPU
		{A66A7F48-576D-4A7C-9EE6-A5F80540A736}.Release|Any CPU.ActiveCfg = Release|Any CPU
		{A66A7F48-576D-4A7C-9EE6-A5F80540A736}.Release|Any CPU.Build.0 = Release|Any CPU
		{02B5A5E5-CAFF-498E-9EA0-8DA6825482DD}.Debug|Any CPU.ActiveCfg = Debug|Any CPU
		{02B5A5E5-CAFF-498E-9EA0-8DA6825482DD}.Debug|Any CPU.Build.0 = Debug|Any CPU
		{02B5A5E5-CAFF-498E-9EA0-8DA6825482DD}.Release|Any CPU.ActiveCfg = Release|Any CPU
		{02B5A5E5-CAFF-498E-9EA0-8DA6825482DD}.Release|Any CPU.Build.0 = Release|Any CPU
	EndGlobalSection
	GlobalSection(SolutionProperties) = preSolution
		HideSolutionNode = FALSE
	EndGlobalSection
	GlobalSection(ExtensibilityGlobals) = postSolution
		SolutionGuid = {7C70267E-7F58-4409-8C22-0AFDDC44FA38}
	EndGlobalSection
EndGlobal
