
Microsoft Visual Studio Solution File, Format Version 12.00
# Visual Studio Version 17
VisualStudioVersion = 17.11.35312.102
MinimumVisualStudioVersion = 10.0.40219.1
Project("{FAE04EC0-301F-11D3-BF4B-00C04F79EFBC}") = "CarsToXml", "CarsToXml\CarsToXml.csproj", "{C3016B77-C499-4F5B-978F-4BAEF1036C9C}"
EndProject
Global
	GlobalSection(SolutionConfigurationPlatforms) = preSolution
		Debug|Any CPU = Debug|Any CPU
		Release|Any CPU = Release|Any CPU
	EndGlobalSection
	GlobalSection(ProjectConfigurationPlatforms) = postSolution
		{C3016B77-C499-4F5B-978F-4BAEF1036C9C}.Debug|Any CPU.ActiveCfg = Debug|Any CPU
		{C3016B77-C499-4F5B-978F-4BAEF1036C9C}.Debug|Any CPU.Build.0 = Debug|Any CPU
		{C3016B77-C499-4F5B-978F-4BAEF1036C9C}.Release|Any CPU.ActiveCfg = Release|Any CPU
		{C3016B77-C499-4F5B-978F-4BAEF1036C9C}.Release|Any CPU.Build.0 = Release|Any CPU
	EndGlobalSection
	GlobalSection(SolutionProperties) = preSolution
		HideSolutionNode = FALSE
	EndGlobalSection
	GlobalSection(ExtensibilityGlobals) = postSolution
		SolutionGuid = {95ECDF87-FE19-4A4E-8582-4DCC399E896D}
	EndGlobalSection
EndGlobal
